github.com/go-sql-driver/mysql v1.4.1 h1:g24URVg0OFbNUTx9qqY1IRZ9D9z3iPyi5zKhQZpNwpA=
github.com/go-sql-driver/mysql v1.4.1/go.mod h1:zAC/RDZ24gD3HViQzih4MyKcchzm+sOG5ZlKdlhCg5w=
github.com/gorilla/websocket v1.4.0 h1:WDFjx/TMzVgy9VdMMQi2K2Emtwi2QcUQsztZ/zLaH/Q=
github.com/gorilla/websocket v1.4.0/go.mod h1:E7qHFY5m1UJ88s3WnNqhKjPHQ0heANvMoAMk2YaljkQ=
github.com/mattn/go-sqlite3 v1.11.0/go.mod h1:FPy6KqzDD04eiIsT53CuJW3U88zkxoIYsOqkbpncsNc=
github.com/studease/common/chat v0.0.0-20190919081109-f85ff063ac3c h1:IY1mnKCup54IImGHmFtzEir4U3uImAntpZPs9k8Q+ds=
github.com/studease/common/chat v0.0.0-20190919081109-f85ff063ac3c/go.mod h1:WTAGu520RB59m/ZupI1DrWIFScW+coMiTk1fP1ttVtU=
github.com/studease/common/events v0.0.0-20190919081109-f85ff063ac3c h1:twygiddFtVijDvhRifMN1ZviHHWLkMYc4gNubgbLD/A=
github.com/studease/common/events v0.0.0-20190919081109-f85ff063ac3c/go.mod h1:9i9A9csBIEbGQglYCpUgd1zXTSoCgp6uLG9n0eTU3k8=
github.com/studease/common/log v0.0.0-20190919081109-f85ff063ac3c h1:AxAjcJoCT1zvPjVSe70/FdNZ6ZcVEAT2HbDg1MGa0sQ=
github.com/studease/common/log v0.0.0-20190919081109-f85ff063ac3c/go.mod h1:WJGlcxe1ISqtnPziQls67FqRiCr1gfkGdC/vgeo02so=
github.com/studease/common/target v0.0.0-20190919081109-f85ff063ac3c h1:LOCaO62kmcKad+1Ae/9K5tq8+EXurznQXpdndXTaKPQ=
github.com/studease/common/target v0.0.0-20190919081109-f85ff063ac3c/go.mod h1:Cnf4RxI21MY24LJW8plCSSBCqW0uOrGdGm/LN/Jbtsc=
github.com/studease/common/utils v0.0.0-20190919081109-f85ff063ac3c h1:yA6eRq1PjhY+ARDq6uNg+eWtSyTlTiIx7AuuGahX7Qw=
github.com/studease/common/utils v0.0.0-20190919081109-f85ff063ac3c/go.mod h1:mTpT0BqszcSG7AfH/rWrqKH1Je/EP0AnrUPKmBHH3TI=
