github.com/studease/common/events v0.0.0-20190919081109-f85ff063ac3c h1:twygiddFtVijDvhRifMN1ZviHHWLkMYc4gNubgbLD/A=
github.com/studease/common/events v0.0.0-20190919081109-f85ff063ac3c/go.mod h1:9i9A9csBIEbGQglYCpUgd1zXTSoCgp6uLG9n0eTU3k8=
github.com/studease/common/log v0.0.0-20190919081109-f85ff063ac3c h1:AxAjcJoCT1zvPjVSe70/FdNZ6ZcVEAT2HbDg1MGa0sQ=
github.com/studease/common/log v0.0.0-20190919081109-f85ff063ac3c/go.mod h1:WJGlcxe1ISqtnPziQls67FqRiCr1gfkGdC/vgeo02so=
github.com/studease/common/utils v0.0.0-20190919081109-f85ff063ac3c h1:yA6eRq1PjhY+ARDq6uNg+eWtSyTlTiIx7AuuGahX7Qw=
github.com/studease/common/utils v0.0.0-20190919081109-f85ff063ac3c/go.mod h1:mTpT0BqszcSG7AfH/rWrqKH1Je/EP0AnrUPKmBHH3TI=
